// !$*UTF8*$!
{
	archiveVersion = 1;
	classes = {
	};
	objectVersion = 50;
	objects = {

/* Begin PBXBuildFile section */
		3A4D87F2242A3C23005D8D47 /* AppDelegate.swift in Sources */ = {isa = PBXBuildFile; fileRef = 3A4D87F1242A3C23005D8D47 /* AppDelegate.swift */; };
		3A4D87F4242A3C23005D8D47 /* SceneDelegate.swift in Sources */ = {isa = PBXBuildFile; fileRef = 3A4D87F3242A3C23005D8D47 /* SceneDelegate.swift */; };
		3A4D87F6242A3C23005D8D47 /* ViewController.swift in Sources */ = {isa = PBXBuildFile; fileRef = 3A4D87F5242A3C23005D8D47 /* ViewController.swift */; };
		3A4D87F9242A3C23005D8D47 /* Main.storyboard in Resources */ = {isa = PBXBuildFile; fileRef = 3A4D87F7242A3C23005D8D47 /* Main.storyboard */; };
		3A4D87FB242A3C24005D8D47 /* Assets.xcassets in Resources */ = {isa = PBXBuildFile; fileRef = 3A4D87FA242A3C24005D8D47 /* Assets.xcassets */; };
		3A4D87FE242A3C24005D8D47 /* LaunchScreen.storyboard in Resources */ = {isa = PBXBuildFile; fileRef = 3A4D87FC242A3C24005D8D47 /* LaunchScreen.storyboard */; };
/* End PBXBuildFile section */

/* Begin PBXFileReference section */
		3A4D87EE242A3C23005D8D47 /* ImagesAndButtonsObjC.app */ = {isa = PBXFileReference; explicitFileType = wrapper.application; includeInIndex = 0; path = ImagesAndButtonsObjC.app; sourceTree = BUILT_PRODUCTS_DIR; };
		3A4D87F1242A3C23005D8D47 /* AppDelegate.swift */ = {isa = PBXFileReference; lastKnownFileType = sourcecode.swift; path = AppDelegate.swift; sourceTree = "<group>"; };
		3A4D87F3242A3C23005D8D47 /* SceneDelegate.swift */ = {isa = PBXFileReference; lastKnownFileType = sourcecode.swift; path = SceneDelegate.swift; sourceTree = "<group>"; };
		3A4D87F5242A3C23005D8D47 /* ViewController.swift */ = {isa = PBXFileReference; lastKnownFileType = sourcecode.swift; path = ViewController.swift; sourceTree = "<group>"; };
		3A4D87F8242A3C23005D8D47 /* Base */ = {isa = PBXFileReference; lastKnownFileType = file.storyboard; name = Base; path = Base.lproj/Main.storyboard; sourceTree = "<group>"; };
		3A4D87FA242A3C24005D8D47 /* Assets.xcassets */ = {isa = PBXFileReference; lastKnownFileType = folder.assetcatalog; path = Assets.xcassets; sourceTree = "<group>"; };
		3A4D87FD242A3C24005D8D47 /* Base */ = {isa = PBXFileReference; lastKnownFileType = file.storyboard; name = Base; path = Base.lproj/LaunchScreen.storyboard; sourceTree = "<group>"; };
		3A4D87FF242A3C24005D8D47 /* Info.plist */ = {isa = PBXFileReference; lastKnownFileType = text.plist.xml; path = Info.plist; sourceTree = "<group>"; };
/* End PBXFileReference section */

/* Begin PBXFrameworksBuildPhase section */
		3A4D87EB242A3C23005D8D47 /* Frameworks */ = {
			isa = PBXFrameworksBuildPhase;
			buildActionMask = 2147483647;
			files = (
			);
			runOnlyForDeploymentPostprocessing = 0;
		};
/* End PBXFrameworksBuildPhase section */

/* Begin PBXGroup section */
		3A4D87E5242A3C23005D8D47 = {
			isa = PBXGroup;
			children = (
				3A4D87F0242A3C23005D8D47 /* ImagesAndButtonsObjC */,
				3A4D87EF242A3C23005D8D47 /* Products */,
			);
			sourceTree = "<group>";
		};
		3A4D87EF242A3C23005D8D47 /* Products */ = {
			isa = PBXGroup;
			children = (
				3A4D87EE242A3C23005D8D47 /* ImagesAndButtonsObjC.app */,
			);
			name = Products;
			sourceTree = "<group>";
		};
		3A4D87F0242A3C23005D8D47 /* ImagesAndButtonsObjC */ = {
			isa = PBXGroup;
			children = (
				3A4D87F1242A3C23005D8D47 /* AppDelegate.swift */,
				3A4D87F3242A3C23005D8D47 /* SceneDelegate.swift */,
				3A4D87F5242A3C23005D8D47 /* ViewController.swift */,
				3A4D87F7242A3C23005D8D47 /* Main.storyboard */,
				3A4D87FA242A3C24005D8D47 /* Assets.xcassets */,
				3A4D87FC242A3C24005D8D47 /* LaunchScreen.storyboard */,
				3A4D87FF242A3C24005D8D47 /* Info.plist */,
			);
			path = ImagesAndButtonsObjC;
			sourceTree = "<group>";
		};
/* End PBXGroup section */

/* Begin PBXNativeTarget section */
		3A4D87ED242A3C23005D8D47 /* ImagesAndButtonsObjC */ = {
			isa = PBXNativeTarget;
			buildConfigurationList = 3A4D8802242A3C24005D8D47 /* Build configuration list for PBXNativeTarget "ImagesAndButtonsObjC" */;
			buildPhases = (
				3A4D87EA242A3C23005D8D47 /* Sources */,
				3A4D87EB242A3C23005D8D47 /* Frameworks */,
				3A4D87EC242A3C23005D8D47 /* Resources */,
			);
			buildRules = (
			);
			dependencies = (
			);
			name = ImagesAndButtonsObjC;
			productName = ImagesAndButtonsObjC;
			productReference = 3A4D87EE242A3C23005D8D47 /* ImagesAndButtonsObjC.app */;
			productType = "com.apple.product-type.application";
		};
/* End PBXNativeTarget section */

/* Begin PBXProject section */
		3A4D87E6242A3C23005D8D47 /* Project object */ = {
			isa = PBXProject;
			attributes = {
				LastSwiftUpdateCheck = 1130;
				LastUpgradeCheck = 1130;
				ORGANIZATIONNAME = "Hugo Flores";
				TargetAttributes = {
					3A4D87ED242A3C23005D8D47 = {
						CreatedOnToolsVersion = 11.3.1;
					};
				};
			};
			buildConfigurationList = 3A4D87E9242A3C23005D8D47 /* Build configuration list for PBXProject "ImagesAndButtonsObjC" */;
			compatibilityVersion = "Xcode 9.3";
			developmentRegion = en;
			hasScannedForEncodings = 0;
			knownRegions = (
				en,
				Base,
			);
			mainGroup = 3A4D87E5242A3C23005D8D47;
			productRefGroup = 3A4D87EF242A3C23005D8D47 /* Products */;
			projectDirPath = "";
			projectRoot = "";
			targets = (
				3A4D87ED242A3C23005D8D47 /* ImagesAndButtonsObjC */,
			);
		};
/* End PBXProject section */

/* Begin PBXResourcesBuildPhase section */
		3A4D87EC242A3C23005D8D47 /* Resources */ = {
			isa = PBXResourcesBuildPhase;
			buildActionMask = 2147483647;
			files = (
				3A4D87FE242A3C24005D8D47 /* LaunchScreen.storyboard in Resources */,
				3A4D87FB242A3C24005D8D47 /* Assets.xcassets in Resources */,
				3A4D87F9242A3C23005D8D47 /* Main.storyboard in Resources */,
			);
			runOnlyForDeploymentPostprocessing = 0;
		};
/* End PBXResourcesBuildPhase section */

/* Begin PBXSourcesBuildPhase section */
		3A4D87EA242A3C23005D8D47 /* Sources */ = {
			isa = PBXSourcesBuildPhase;
			buildActionMask = 2147483647;
			files = (
				3A4D87F6242A3C23005D8D47 /* ViewController.swift in Sources */,
				3A4D87F2242A3C23005D8D47 /* AppDelegate.swift in Sources */,
				3A4D87F4242A3C23005D8D47 /* SceneDelegate.swift in Sources */,
			);
			runOnlyForDeploymentPostprocessing = 0;
		};
/* End PBXSourcesBuildPhase section */

/* Begin PBXVariantGroup section */
		3A4D87F7242A3C23005D8D47 /* Main.storyboard */ = {
			isa = PBXVariantGroup;
			children = (
				3A4D87F8242A3C23005D8D47 /* Base */,
			);
			name = Main.storyboard;
			sourceTree = "<group>";
		};
		3A4D87FC242A3C24005D8D47 /* LaunchScreen.storyboard */ = {
			isa = PBXVariantGroup;
			children = (
				3A4D87FD242A3C24005D8D47 /* Base */,
			);
			name = LaunchScreen.storyboard;
			sourceTree = "<group>";
		};
/* End PBXVariantGroup section */

/* Begin XCBuildConfiguration section */
		3A4D8800242A3C24005D8D47 /* Debug */ = {
			isa = XCBuildConfiguration;
			buildSettings = {
				ALWAYS_SEARCH_USER_PATHS = NO;
				CLANG_ANALYZER_NONNULL = YES;
				CLANG_ANALYZER_NUMBER_OBJECT_CONVERSION = YES_AGGRESSIVE;
				CLANG_CXX_LANGUAGE_STANDARD = "gnu++14";
				CLANG_CXX_LIBRARY = "libc++";
				CLANG_ENABLE_MODULES = YES;
				CLANG_ENABLE_OBJC_ARC = YES;
				CLANG_ENABLE_OBJC_WEAK = YES;
				CLANG_WARN_BLOCK_CAPTURE_AUTORELEASING = YES;
				CLANG_WARN_BOOL_CONVERSION = YES;
				CLANG_WARN_COMMA = YES;
				CLANG_WARN_CONSTANT_CONVERSION = YES;
				CLANG_WARN_DEPRECATED_OBJC_IMPLEMENTATIONS = YES;
				CLANG_WARN_DIRECT_OBJC_ISA_USAGE = YES_ERROR;
				CLANG_WARN_DOCUMENTATION_COMMENTS = YES;
				CLANG_WARN_EMPTY_BODY = YES;
				CLANG_WARN_ENUM_CONVERSION = YES;
				CLANG_WARN_INFINITE_RECURSION = YES;
				CLANG_WARN_INT_CONVERSION = YES;
				CLANG_WARN_NON_LITERAL_NULL_CONVERSION = YES;
				CLANG_WARN_OBJC_IMPLICIT_RETAIN_SELF = YES;
				CLANG_WARN_OBJC_LITERAL_CONVERSION = YES;
				CLANG_WARN_OBJC_ROOT_CLASS = YES_ERROR;
				CLANG_WARN_RANGE_LOOP_ANALYSIS = YES;
				CLANG_WARN_STRICT_PROTOTYPES = YES;
				CLANG_WARN_SUSPICIOUS_MOVE = YES;
				CLANG_WARN_UNGUARDED_AVAILABILITY = YES_AGGRESSIVE;
				CLANG_WARN_UNREACHABLE_CODE = YES;
				CLANG_WARN__DUPLICATE_METHOD_MATCH = YES;
				COPY_PHASE_STRIP = NO;
				DEBUG_INFORMATION_FORMAT = dwarf;
				ENABLE_STRICT_OBJC_MSGSEND = YES;
				ENABLE_TESTABILITY = YES;
				GCC_C_LANGUAGE_STANDARD = gnu11;
				GCC_DYNAMIC_NO_PIC = NO;
				GCC_NO_COMMON_BLOCKS = YES;
				GCC_OPTIMIZATION_LEVEL = 0;
				GCC_PREPROCESSOR_DEFINITIONS = (
					"DEBUG=1",
					"$(inherited)",
				);
				GCC_WARN_64_TO_32_BIT_CONVERSION = YES;
				GCC_WARN_ABOUT_RETURN_TYPE = YES_ERROR;
				GCC_WARN_UNDECLARED_SELECTOR = YES;
				GCC_WARN_UNINITIALIZED_AUTOS = YES_AGGRESSIVE;
				GCC_WARN_UNUSED_FUNCTION = YES;
				GCC_WARN_UNUSED_VARIABLE = YES;
				IPHONEOS_DEPLOYMENT_TARGET = 13.2;
				MTL_ENABLE_DEBUG_INFO = INCLUDE_SOURCE;
				MTL_FAST_MATH = YES;
				ONLY_ACTIVE_ARCH = YES;
				SDKROOT = iphoneos;
				SWIFT_ACTIVE_COMPILATION_CONDITIONS = DEBUG;
				SWIFT_OPTIMIZATION_LEVEL = "-Onone";
			};
			name = Debug;
		};
		3A4D8801242A3C24005D8D47 /* Release */ = {
			isa = XCBuildConfiguration;
			buildSettings = {
				ALWAYS_SEARCH_USER_PATHS = NO;
				CLANG_ANALYZER_NONNULL = YES;
				CLANG_ANALYZER_NUMBER_OBJECT_CONVERSION = YES_AGGRESSIVE;
				CLANG_CXX_LANGUAGE_STANDARD = "gnu++14";
				CLANG_CXX_LIBRARY = "libc++";
				CLANG_ENABLE_MODULES = YES;
				CLANG_ENABLE_OBJC_ARC = YES;
				CLANG_ENABLE_OBJC_WEAK = YES;
				CLANG_WARN_BLOCK_CAPTURE_AUTORELEASING = YES;
				CLANG_WARN_BOOL_CONVERSION = YES;
				CLANG_WARN_COMMA = YES;
				CLANG_WARN_CONSTANT_CONVERSION = YES;
				CLANG_WARN_DEPRECATED_OBJC_IMPLEMENTATIONS = YES;
				CLANG_WARN_DIRECT_OBJC_ISA_USAGE = YES_ERROR;
				CLANG_WARN_DOCUMENTATION_COMMENTS = YES;
				CLANG_WARN_EMPTY_BODY = YES;
				CLANG_WARN_ENUM_CONVERSION = YES;
				CLANG_WARN_INFINITE_RECURSION = YES;
				CLANG_WARN_INT_CONVERSION = YES;
				CLANG_WARN_NON_LITERAL_NULL_CONVERSION = YES;
				CLANG_WARN_OBJC_IMPLICIT_RETAIN_SELF = YES;
				CLANG_WARN_OBJC_LITERAL_CONVERSION = YES;
				CLANG_WARN_OBJC_ROOT_CLASS = YES_ERROR;
				CLANG_WARN_RANGE_LOOP_ANALYSIS = YES;
				CLANG_WARN_STRICT_PROTOTYPES = YES;
				CLANG_WARN_SUSPICIOUS_MOVE = YES;
				CLANG_WARN_UNGUARDED_AVAILABILITY = YES_AGGRESSIVE;
				CLANG_WARN_UNREACHABLE_CODE = YES;
				CLANG_WARN__DUPLICATE_METHOD_MATCH = YES;
				COPY_PHASE_STRIP = NO;
				DEBUG_INFORMATION_FORMAT = "dwarf-with-dsym";
				ENABLE_NS_ASSERTIONS = NO;
				ENABLE_STRICT_OBJC_MSGSEND = YES;
				GCC_C_LANGUAGE_STANDARD = gnu11;
				GCC_NO_COMMON_BLOCKS = YES;
				GCC_WARN_64_TO_32_BIT_CONVERSION = YES;
				GCC_WARN_ABOUT_RETURN_TYPE = YES_ERROR;
				GCC_WARN_UNDECLARED_SELECTOR = YES;
				GCC_WARN_UNINITIALIZED_AUTOS = YES_AGGRESSIVE;
				GCC_WARN_UNUSED_FUNCTION = YES;
				GCC_WARN_UNUSED_VARIABLE = YES;
				IPHONEOS_DEPLOYMENT_TARGET = 13.2;
				MTL_ENABLE_DEBUG_INFO = NO;
				MTL_FAST_MATH = YES;
				SDKROOT = iphoneos;
				SWIFT_COMPILATION_MODE = wholemodule;
				SWIFT_OPTIMIZATION_LEVEL = "-O";
				VALIDATE_PRODUCT = YES;
			};
			name = Release;
		};
		3A4D8803242A3C24005D8D47 /* Debug */ = {
			isa = XCBuildConfiguration;
			buildSettings = {
				ASSETCATALOG_COMPILER_APPICON_NAME = AppIcon;
				CODE_SIGN_STYLE = Automatic;
				INFOPLIST_FILE = ImagesAndButtonsObjC/Info.plist;
				LD_RUNPATH_SEARCH_PATHS = (
					"$(inherited)",
					"@executable_path/Frameworks",
				);
				PRODUCT_BUNDLE_IDENTIFIER = com.hugo.flores.tutorial.ImagesAndButtonsObjC;
				PRODUCT_NAME = "$(TARGET_NAME)";
				SWIFT_VERSION = 5.0;
				TARGETED_DEVICE_FAMILY = "1,2";
			};
			name = Debug;
		};
		3A4D8804242A3C24005D8D47 /* Release */ = {
			isa = XCBuildConfiguration;
			buildSettings = {
				ASSETCATALOG_COMPILER_APPICON_NAME = AppIcon;
				CODE_SIGN_STYLE = Automatic;
				INFOPLIST_FILE = ImagesAndButtonsObjC/Info.plist;
				LD_RUNPATH_SEARCH_PATHS = (
					"$(inherited)",
					"@executable_path/Frameworks",
				);
				PRODUCT_BUNDLE_IDENTIFIER = com.hugo.flores.tutorial.ImagesAndButtonsObjC;
				PRODUCT_NAME = "$(TARGET_NAME)";
				SWIFT_VERSION = 5.0;
				TARGETED_DEVICE_FAMILY = "1,2";
			};
			name = Release;
		};
/* End XCBuildConfiguration section */

/* Begin XCConfigurationList section */
		3A4D87E9242A3C23005D8D47 /* Build configuration list for PBXProject "ImagesAndButtonsObjC" */ = {
			isa = XCConfigurationList;
			buildConfigurations = (
				3A4D8800242A3C24005D8D47 /* Debug */,
				3A4D8801242A3C24005D8D47 /* Release */,
			);
			defaultConfigurationIsVisible = 0;
			defaultConfigurationName = Release;
		};
		3A4D8802242A3C24005D8D47 /* Build configuration list for PBXNativeTarget "ImagesAndButtonsObjC" */ = {
			isa = XCConfigurationList;
			buildConfigurations = (
				3A4D8803242A3C24005D8D47 /* Debug */,
				3A4D8804242A3C24005D8D47 /* Release */,
			);
			defaultConfigurationIsVisible = 0;
			defaultConfigurationName = Release;
		};
/* End XCConfigurationList section */
	};
	rootObject = 3A4D87E6242A3C23005D8D47 /* Project object */;
}
